// !$*UTF8*$!
{
	archiveVersion = 1;
	classes = {
	};
	objectVersion = 46;
	objects = {

/* Begin PBXBuildFile section */
		1D60589F0D05DD5A006BFB54 /* Foundation.framework in Frameworks */ = {isa = PBXBuildFile; fileRef = 1D30AB110D05D00D00671497 /* Foundation.framework */; };
		1DF5F4E00D08C38300B7A737 /* UIKit.framework in Frameworks */ = {isa = PBXBuildFile; fileRef = 1DF5F4DF0D08C38300B7A737 /* UIKit.framework */; };
		288765FD0DF74451002DB57D /* CoreGraphics.framework in Frameworks */ = {isa = PBXBuildFile; fileRef = 288765FC0DF74451002DB57D /* CoreGraphics.framework */; };
		46C18DE7171F871A00590073 /* libofxiPhone_iphoneos_Debug.a in Frameworks */ = {isa = PBXBuildFile; fileRef = 46C18DE1171F85D400590073 /* libofxiPhone_iphoneos_Debug.a */; };
		5326AEA810A23A0500278DE6 /* CoreLocation.framework in Frameworks */ = {isa = PBXBuildFile; fileRef = 5326AEA710A23A0500278DE6 /* CoreLocation.framework */; };
		53F323EB10A20EDB00E0DAE4 /* OpenAL.framework in Frameworks */ = {isa = PBXBuildFile; fileRef = 53F323EA10A20EDB00E0DAE4 /* OpenAL.framework */; };
		A9A2E7AC171E17260013CF4E /* constants.cpp in Sources */ = {isa = PBXBuildFile; fileRef = A9A2E7AB171E17260013CF4E /* constants.cpp */; };
		A9B59C1E1716794200EA471D /* Box2DConfig.cmake in Resources */ = {isa = PBXBuildFile; fileRef = A9B59BBB1716794200EA471D /* Box2DConfig.cmake */; };
		A9B59C1F1716794200EA471D /* CMakeLists.txt in Resources */ = {isa = PBXBuildFile; fileRef = A9B59BBC1716794200EA471D /* CMakeLists.txt */; };
		A9B59C201716794200EA471D /* b2BroadPhase.cpp in Sources */ = {isa = PBXBuildFile; fileRef = A9B59BBE1716794200EA471D /* b2BroadPhase.cpp */; };
		A9B59C211716794200EA471D /* b2CollideCircle.cpp in Sources */ = {isa = PBXBuildFile; fileRef = A9B59BC01716794200EA471D /* b2CollideCircle.cpp */; };
		A9B59C221716794200EA471D /* b2CollideEdge.cpp in Sources */ = {isa = PBXBuildFile; fileRef = A9B59BC11716794200EA471D /* b2CollideEdge.cpp */; };
		A9B59C231716794200EA471D /* b2CollidePolygon.cpp in Sources */ = {isa = PBXBuildFile; fileRef = A9B59BC21716794200EA471D /* b2CollidePolygon.cpp */; };
		A9B59C241716794200EA471D /* b2Collision.cpp in Sources */ = {isa = PBXBuildFile; fileRef = A9B59BC31716794200EA471D /* b2Collision.cpp */; };
		A9B59C251716794200EA471D /* b2Distance.cpp in Sources */ = {isa = PBXBuildFile; fileRef = A9B59BC51716794200EA471D /* b2Distance.cpp */; };
		A9B59C261716794200EA471D /* b2DynamicTree.cpp in Sources */ = {isa = PBXBuildFile; fileRef = A9B59BC71716794200EA471D /* b2DynamicTree.cpp */; };
		A9B59C271716794200EA471D /* b2TimeOfImpact.cpp in Sources */ = {isa = PBXBuildFile; fileRef = A9B59BC91716794200EA471D /* b2TimeOfImpact.cpp */; };
		A9B59C281716794200EA471D /* b2ChainShape.cpp in Sources */ = {isa = PBXBuildFile; fileRef = A9B59BCC1716794200EA471D /* b2ChainShape.cpp */; };
		A9B59C291716794200EA471D /* b2CircleShape.cpp in Sources */ = {isa = PBXBuildFile; fileRef = A9B59BCE1716794200EA471D /* b2CircleShape.cpp */; };
		A9B59C2A1716794200EA471D /* b2EdgeShape.cpp in Sources */ = {isa = PBXBuildFile; fileRef = A9B59BD01716794200EA471D /* b2EdgeShape.cpp */; };
		A9B59C2B1716794200EA471D /* b2PolygonShape.cpp in Sources */ = {isa = PBXBuildFile; fileRef = A9B59BD21716794200EA471D /* b2PolygonShape.cpp */; };
		A9B59C2C1716794200EA471D /* b2BlockAllocator.cpp in Sources */ = {isa = PBXBuildFile; fileRef = A9B59BD61716794200EA471D /* b2BlockAllocator.cpp */; };
		A9B59C2D1716794200EA471D /* b2Draw.cpp in Sources */ = {isa = PBXBuildFile; fileRef = A9B59BD81716794200EA471D /* b2Draw.cpp */; };
		A9B59C2E1716794200EA471D /* b2Math.cpp in Sources */ = {isa = PBXBuildFile; fileRef = A9B59BDB1716794200EA471D /* b2Math.cpp */; };
		A9B59C2F1716794200EA471D /* b2Settings.cpp in Sources */ = {isa = PBXBuildFile; fileRef = A9B59BDD1716794200EA471D /* b2Settings.cpp */; };
		A9B59C301716794200EA471D /* b2StackAllocator.cpp in Sources */ = {isa = PBXBuildFile; fileRef = A9B59BDF1716794200EA471D /* b2StackAllocator.cpp */; };
		A9B59C311716794200EA471D /* b2Timer.cpp in Sources */ = {isa = PBXBuildFile; fileRef = A9B59BE11716794200EA471D /* b2Timer.cpp */; };
		A9B59C321716794200EA471D /* b2Body.cpp in Sources */ = {isa = PBXBuildFile; fileRef = A9B59BE41716794200EA471D /* b2Body.cpp */; };
		A9B59C331716794200EA471D /* b2ContactManager.cpp in Sources */ = {isa = PBXBuildFile; fileRef = A9B59BE61716794200EA471D /* b2ContactManager.cpp */; };
		A9B59C341716794200EA471D /* b2Fixture.cpp in Sources */ = {isa = PBXBuildFile; fileRef = A9B59BE81716794200EA471D /* b2Fixture.cpp */; };
		A9B59C351716794200EA471D /* b2Island.cpp in Sources */ = {isa = PBXBuildFile; fileRef = A9B59BEA1716794200EA471D /* b2Island.cpp */; };
		A9B59C361716794200EA471D /* b2World.cpp in Sources */ = {isa = PBXBuildFile; fileRef = A9B59BED1716794200EA471D /* b2World.cpp */; };
		A9B59C371716794200EA471D /* b2WorldCallbacks.cpp in Sources */ = {isa = PBXBuildFile; fileRef = A9B59BEF1716794200EA471D /* b2WorldCallbacks.cpp */; };
		A9B59C381716794200EA471D /* b2ChainAndCircleContact.cpp in Sources */ = {isa = PBXBuildFile; fileRef = A9B59BF21716794200EA471D /* b2ChainAndCircleContact.cpp */; };
		A9B59C391716794200EA471D /* b2ChainAndPolygonContact.cpp in Sources */ = {isa = PBXBuildFile; fileRef = A9B59BF41716794200EA471D /* b2ChainAndPolygonContact.cpp */; };
		A9B59C3A1716794200EA471D /* b2CircleContact.cpp in Sources */ = {isa = PBXBuildFile; fileRef = A9B59BF61716794200EA471D /* b2CircleContact.cpp */; };
		A9B59C3B1716794200EA471D /* b2Contact.cpp in Sources */ = {isa = PBXBuildFile; fileRef = A9B59BF81716794200EA471D /* b2Contact.cpp */; };
		A9B59C3C1716794200EA471D /* b2ContactSolver.cpp in Sources */ = {isa = PBXBuildFile; fileRef = A9B59BFA1716794200EA471D /* b2ContactSolver.cpp */; };
		A9B59C3D1716794200EA471D /* b2EdgeAndCircleContact.cpp in Sources */ = {isa = PBXBuildFile; fileRef = A9B59BFC1716794200EA471D /* b2EdgeAndCircleContact.cpp */; };
		A9B59C3E1716794200EA471D /* b2EdgeAndPolygonContact.cpp in Sources */ = {isa = PBXBuildFile; fileRef = A9B59BFE1716794200EA471D /* b2EdgeAndPolygonContact.cpp */; };
		A9B59C3F1716794200EA471D /* b2PolygonAndCircleContact.cpp in Sources */ = {isa = PBXBuildFile; fileRef = A9B59C001716794200EA471D /* b2PolygonAndCircleContact.cpp */; };
		A9B59C401716794200EA471D /* b2PolygonContact.cpp in Sources */ = {isa = PBXBuildFile; fileRef = A9B59C021716794200EA471D /* b2PolygonContact.cpp */; };
		A9B59C411716794200EA471D /* b2DistanceJoint.cpp in Sources */ = {isa = PBXBuildFile; fileRef = A9B59C051716794200EA471D /* b2DistanceJoint.cpp */; };
		A9B59C421716794200EA471D /* b2FrictionJoint.cpp in Sources */ = {isa = PBXBuildFile; fileRef = A9B59C071716794200EA471D /* b2FrictionJoint.cpp */; };
		A9B59C431716794200EA471D /* b2GearJoint.cpp in Sources */ = {isa = PBXBuildFile; fileRef = A9B59C091716794200EA471D /* b2GearJoint.cpp */; };
		A9B59C441716794200EA471D /* b2Joint.cpp in Sources */ = {isa = PBXBuildFile; fileRef = A9B59C0B1716794200EA471D /* b2Joint.cpp */; };
		A9B59C451716794200EA471D /* b2MouseJoint.cpp in Sources */ = {isa = PBXBuildFile; fileRef = A9B59C0D1716794200EA471D /* b2MouseJoint.cpp */; };
		A9B59C461716794200EA471D /* b2PrismaticJoint.cpp in Sources */ = {isa = PBXBuildFile; fileRef = A9B59C0F1716794200EA471D /* b2PrismaticJoint.cpp */; };
		A9B59C471716794200EA471D /* b2PulleyJoint.cpp in Sources */ = {isa = PBXBuildFile; fileRef = A9B59C111716794200EA471D /* b2PulleyJoint.cpp */; };
		A9B59C481716794200EA471D /* b2RevoluteJoint.cpp in Sources */ = {isa = PBXBuildFile; fileRef = A9B59C131716794200EA471D /* b2RevoluteJoint.cpp */; };
		A9B59C491716794200EA471D /* b2RopeJoint.cpp in Sources */ = {isa = PBXBuildFile; fileRef = A9B59C151716794200EA471D /* b2RopeJoint.cpp */; };
		A9B59C4A1716794200EA471D /* b2WeldJoint.cpp in Sources */ = {isa = PBXBuildFile; fileRef = A9B59C171716794200EA471D /* b2WeldJoint.cpp */; };
		A9B59C4B1716794200EA471D /* b2WheelJoint.cpp in Sources */ = {isa = PBXBuildFile; fileRef = A9B59C191716794200EA471D /* b2WheelJoint.cpp */; };
		A9B59C4C1716794200EA471D /* b2Rope.cpp in Sources */ = {isa = PBXBuildFile; fileRef = A9B59C1C1716794200EA471D /* b2Rope.cpp */; };
		A9C43C34170D78DF0003D86F /* collisionscorekeeper.cpp in Sources */ = {isa = PBXBuildFile; fileRef = A9C43C21170D78DF0003D86F /* collisionscorekeeper.cpp */; };
		A9C43C35170D78DF0003D86F /* collisionsoundplayer.cpp in Sources */ = {isa = PBXBuildFile; fileRef = A9C43C23170D78DF0003D86F /* collisionsoundplayer.cpp */; };
		A9C43C36170D78DF0003D86F /* compositecontactlistener.cpp in Sources */ = {isa = PBXBuildFile; fileRef = A9C43C25170D78DF0003D86F /* compositecontactlistener.cpp */; };
		A9C43C37170D78DF0003D86F /* controller.cpp in Sources */ = {isa = PBXBuildFile; fileRef = A9C43C28170D78DF0003D86F /* controller.cpp */; };
		A9C43C38170D78DF0003D86F /* model.cpp in Sources */ = {isa = PBXBuildFile; fileRef = A9C43C2A170D78DF0003D86F /* model.cpp */; };
		A9C43C39170D78DF0003D86F /* testApp.mm in Sources */ = {isa = PBXBuildFile; fileRef = A9C43C2D170D78DF0003D86F /* testApp.mm */; };
		A9C43C3A170D78DF0003D86F /* utilities.cpp in Sources */ = {isa = PBXBuildFile; fileRef = A9C43C2E170D78DF0003D86F /* utilities.cpp */; };
		A9C43C3B170D78DF0003D86F /* view.cpp in Sources */ = {isa = PBXBuildFile; fileRef = A9C43C30170D78DF0003D86F /* view.cpp */; };
		A9C43C3C170D78DF0003D86F /* witchball.mm in Sources */ = {isa = PBXBuildFile; fileRef = A9C43C32170D78DF0003D86F /* witchball.mm */; };
		BB16EBD20F2B2A9500518274 /* OpenGLES.framework in Frameworks */ = {isa = PBXBuildFile; fileRef = BB16EBD10F2B2A9500518274 /* OpenGLES.framework */; };
		BB16EBD90F2B2AB500518274 /* QuartzCore.framework in Frameworks */ = {isa = PBXBuildFile; fileRef = BB16EBD80F2B2AB500518274 /* QuartzCore.framework */; };
		BBE5EAB80F49AD8400F28951 /* AudioToolbox.framework in Frameworks */ = {isa = PBXBuildFile; fileRef = BBE5EAB70F49AD8400F28951 /* AudioToolbox.framework */; };
		E41D400B13B39D2100A75A5D /* AVFoundation.framework in Frameworks */ = {isa = PBXBuildFile; fileRef = E41D400613B39D2100A75A5D /* AVFoundation.framework */; };
		E41D400C13B39D2100A75A5D /* CoreMedia.framework in Frameworks */ = {isa = PBXBuildFile; fileRef = E41D400713B39D2100A75A5D /* CoreMedia.framework */; };
		E41D400D13B39D2100A75A5D /* CoreVideo.framework in Frameworks */ = {isa = PBXBuildFile; fileRef = E41D400813B39D2100A75A5D /* CoreVideo.framework */; };
		E41D400E13B39D2100A75A5D /* MapKit.framework in Frameworks */ = {isa = PBXBuildFile; fileRef = E41D400913B39D2100A75A5D /* MapKit.framework */; };
		E4D8936E11527B74007E1F53 /* main.mm in Sources */ = {isa = PBXBuildFile; fileRef = E4D8936B11527B74007E1F53 /* main.mm */; };
/* End PBXBuildFile section */

/* Begin PBXContainerItemProxy section */
		46C18DE0171F85D400590073 /* PBXContainerItemProxy */ = {
			isa = PBXContainerItemProxy;
			containerPortal = A9B59BB11716675300EA471D /* iOS+OFLib.xcodeproj */;
			proxyType = 2;
			remoteGlobalIDString = BB24DED610DA7A3F00E9C588;
			remoteInfo = "iPhone+OF Static Library";
		};
		46C18DE3171F86D000590073 /* PBXContainerItemProxy */ = {
			isa = PBXContainerItemProxy;
			containerPortal = A9B59BB11716675300EA471D /* iOS+OFLib.xcodeproj */;
			proxyType = 1;
			remoteGlobalIDString = BB24DE5C10DA7A3F00E9C588;
			remoteInfo = "iPhone+OF Static Library";
		};
/* End PBXContainerItemProxy section */

/* Begin PBXFileReference section */
		1D30AB110D05D00D00671497 /* Foundation.framework */ = {isa = PBXFileReference; lastKnownFileType = wrapper.framework; name = Foundation.framework; path = System/Library/Frameworks/Foundation.framework; sourceTree = SDKROOT; };
		1D6058910D05DD3D006BFB54 /* emptyExample.app */ = {isa = PBXFileReference; explicitFileType = wrapper.application; includeInIndex = 0; path = emptyExample.app; sourceTree = BUILT_PRODUCTS_DIR; };
		1DF5F4DF0D08C38300B7A737 /* UIKit.framework */ = {isa = PBXFileReference; lastKnownFileType = wrapper.framework; name = UIKit.framework; path = System/Library/Frameworks/UIKit.framework; sourceTree = SDKROOT; };
		288765FC0DF74451002DB57D /* CoreGraphics.framework */ = {isa = PBXFileReference; lastKnownFileType = wrapper.framework; name = CoreGraphics.framework; path = System/Library/Frameworks/CoreGraphics.framework; sourceTree = SDKROOT; };
		32CA4F630368D1EE00C91783 /* iPhone_Prefix.pch */ = {isa = PBXFileReference; fileEncoding = 4; lastKnownFileType = sourcecode.c.h; path = iPhone_Prefix.pch; sourceTree = "<group>"; };
		5326AEA710A23A0500278DE6 /* CoreLocation.framework */ = {isa = PBXFileReference; lastKnownFileType = wrapper.framework; name = CoreLocation.framework; path = System/Library/Frameworks/CoreLocation.framework; sourceTree = SDKROOT; };
		53F323EA10A20EDB00E0DAE4 /* OpenAL.framework */ = {isa = PBXFileReference; lastKnownFileType = wrapper.framework; name = OpenAL.framework; path = System/Library/Frameworks/OpenAL.framework; sourceTree = SDKROOT; };
		A9A2E7AB171E17260013CF4E /* constants.cpp */ = {isa = PBXFileReference; fileEncoding = 4; lastKnownFileType = sourcecode.cpp.cpp; path = constants.cpp; sourceTree = "<group>"; };
		A9B59BB11716675300EA471D /* iOS+OFLib.xcodeproj */ = {isa = PBXFileReference; lastKnownFileType = "wrapper.pb-project"; name = "iOS+OFLib.xcodeproj"; path = "libraries/of_v0.7.4_ios_release/libs/openFrameworksCompiled/project/ios/iOS+OFLib.xcodeproj"; sourceTree = "<group>"; };
		A9B59BBA1716794200EA471D /* Box2D.h */ = {isa = PBXFileReference; fileEncoding = 4; lastKnownFileType = sourcecode.c.h; path = Box2D.h; sourceTree = "<group>"; };
		A9B59BBB1716794200EA471D /* Box2DConfig.cmake */ = {isa = PBXFileReference; fileEncoding = 4; lastKnownFileType = text; path = Box2DConfig.cmake; sourceTree = "<group>"; };
		A9B59BBC1716794200EA471D /* CMakeLists.txt */ = {isa = PBXFileReference; fileEncoding = 4; lastKnownFileType = text; path = CMakeLists.txt; sourceTree = "<group>"; };
		A9B59BBE1716794200EA471D /* b2BroadPhase.cpp */ = {isa = PBXFileReference; fileEncoding = 4; lastKnownFileType = sourcecode.cpp.cpp; path = b2BroadPhase.cpp; sourceTree = "<group>"; };
		A9B59BBF1716794200EA471D /* b2BroadPhase.h */ = {isa = PBXFileReference; fileEncoding = 4; lastKnownFileType = sourcecode.c.h; path = b2BroadPhase.h; sourceTree = "<group>"; };
		A9B59BC01716794200EA471D /* b2CollideCircle.cpp */ = {isa = PBXFileReference; fileEncoding = 4; lastKnownFileType = sourcecode.cpp.cpp; path = b2CollideCircle.cpp; sourceTree = "<group>"; };
		A9B59BC11716794200EA471D /* b2CollideEdge.cpp */ = {isa = PBXFileReference; fileEncoding = 4; lastKnownFileType = sourcecode.cpp.cpp; path = b2CollideEdge.cpp; sourceTree = "<group>"; };
		A9B59BC21716794200EA471D /* b2CollidePolygon.cpp */ = {isa = PBXFileReference; fileEncoding = 4; lastKnownFileType = sourcecode.cpp.cpp; path = b2CollidePolygon.cpp; sourceTree = "<group>"; };
		A9B59BC31716794200EA471D /* b2Collision.cpp */ = {isa = PBXFileReference; fileEncoding = 4; lastKnownFileType = sourcecode.cpp.cpp; path = b2Collision.cpp; sourceTree = "<group>"; };
		A9B59BC41716794200EA471D /* b2Collision.h */ = {isa = PBXFileReference; fileEncoding = 4; lastKnownFileType = sourcecode.c.h; path = b2Collision.h; sourceTree = "<group>"; };
		A9B59BC51716794200EA471D /* b2Distance.cpp */ = {isa = PBXFileReference; fileEncoding = 4; lastKnownFileType = sourcecode.cpp.cpp; path = b2Distance.cpp; sourceTree = "<group>"; };
		A9B59BC61716794200EA471D /* b2Distance.h */ = {isa = PBXFileReference; fileEncoding = 4; lastKnownFileType = sourcecode.c.h; path = b2Distance.h; sourceTree = "<group>"; };
		A9B59BC71716794200EA471D /* b2DynamicTree.cpp */ = {isa = PBXFileReference; fileEncoding = 4; lastKnownFileType = sourcecode.cpp.cpp; path = b2DynamicTree.cpp; sourceTree = "<group>"; };
		A9B59BC81716794200EA471D /* b2DynamicTree.h */ = {isa = PBXFileReference; fileEncoding = 4; lastKnownFileType = sourcecode.c.h; path = b2DynamicTree.h; sourceTree = "<group>"; };
		A9B59BC91716794200EA471D /* b2TimeOfImpact.cpp */ = {isa = PBXFileReference; fileEncoding = 4; lastKnownFileType = sourcecode.cpp.cpp; path = b2TimeOfImpact.cpp; sourceTree = "<group>"; };
		A9B59BCA1716794200EA471D /* b2TimeOfImpact.h */ = {isa = PBXFileReference; fileEncoding = 4; lastKnownFileType = sourcecode.c.h; path = b2TimeOfImpact.h; sourceTree = "<group>"; };
		A9B59BCC1716794200EA471D /* b2ChainShape.cpp */ = {isa = PBXFileReference; fileEncoding = 4; lastKnownFileType = sourcecode.cpp.cpp; path = b2ChainShape.cpp; sourceTree = "<group>"; };
		A9B59BCD1716794200EA471D /* b2ChainShape.h */ = {isa = PBXFileReference; fileEncoding = 4; lastKnownFileType = sourcecode.c.h; path = b2ChainShape.h; sourceTree = "<group>"; };
		A9B59BCE1716794200EA471D /* b2CircleShape.cpp */ = {isa = PBXFileReference; fileEncoding = 4; lastKnownFileType = sourcecode.cpp.cpp; path = b2CircleShape.cpp; sourceTree = "<group>"; };
		A9B59BCF1716794200EA471D /* b2CircleShape.h */ = {isa = PBXFileReference; fileEncoding = 4; lastKnownFileType = sourcecode.c.h; path = b2CircleShape.h; sourceTree = "<group>"; };
		A9B59BD01716794200EA471D /* b2EdgeShape.cpp */ = {isa = PBXFileReference; fileEncoding = 4; lastKnownFileType = sourcecode.cpp.cpp; path = b2EdgeShape.cpp; sourceTree = "<group>"; };
		A9B59BD11716794200EA471D /* b2EdgeShape.h */ = {isa = PBXFileReference; fileEncoding = 4; lastKnownFileType = sourcecode.c.h; path = b2EdgeShape.h; sourceTree = "<group>"; };
		A9B59BD21716794200EA471D /* b2PolygonShape.cpp */ = {isa = PBXFileReference; fileEncoding = 4; lastKnownFileType = sourcecode.cpp.cpp; path = b2PolygonShape.cpp; sourceTree = "<group>"; };
		A9B59BD31716794200EA471D /* b2PolygonShape.h */ = {isa = PBXFileReference; fileEncoding = 4; lastKnownFileType = sourcecode.c.h; path = b2PolygonShape.h; sourceTree = "<group>"; };
		A9B59BD41716794200EA471D /* b2Shape.h */ = {isa = PBXFileReference; fileEncoding = 4; lastKnownFileType = sourcecode.c.h; path = b2Shape.h; sourceTree = "<group>"; };
		A9B59BD61716794200EA471D /* b2BlockAllocator.cpp */ = {isa = PBXFileReference; fileEncoding = 4; lastKnownFileType = sourcecode.cpp.cpp; path = b2BlockAllocator.cpp; sourceTree = "<group>"; };
		A9B59BD71716794200EA471D /* b2BlockAllocator.h */ = {isa = PBXFileReference; fileEncoding = 4; lastKnownFileType = sourcecode.c.h; path = b2BlockAllocator.h; sourceTree = "<group>"; };
		A9B59BD81716794200EA471D /* b2Draw.cpp */ = {isa = PBXFileReference; fileEncoding = 4; lastKnownFileType = sourcecode.cpp.cpp; path = b2Draw.cpp; sourceTree = "<group>"; };
		A9B59BD91716794200EA471D /* b2Draw.h */ = {isa = PBXFileReference; fileEncoding = 4; lastKnownFileType = sourcecode.c.h; path = b2Draw.h; sourceTree = "<group>"; };
		A9B59BDA1716794200EA471D /* b2GrowableStack.h */ = {isa = PBXFileReference; fileEncoding = 4; lastKnownFileType = sourcecode.c.h; path = b2GrowableStack.h; sourceTree = "<group>"; };
		A9B59BDB1716794200EA471D /* b2Math.cpp */ = {isa = PBXFileReference; fileEncoding = 4; lastKnownFileType = sourcecode.cpp.cpp; path = b2Math.cpp; sourceTree = "<group>"; };
		A9B59BDC1716794200EA471D /* b2Math.h */ = {isa = PBXFileReference; fileEncoding = 4; lastKnownFileType = sourcecode.c.h; path = b2Math.h; sourceTree = "<group>"; };
		A9B59BDD1716794200EA471D /* b2Settings.cpp */ = {isa = PBXFileReference; fileEncoding = 4; lastKnownFileType = sourcecode.cpp.cpp; path = b2Settings.cpp; sourceTree = "<group>"; };
		A9B59BDE1716794200EA471D /* b2Settings.h */ = {isa = PBXFileReference; fileEncoding = 4; lastKnownFileType = sourcecode.c.h; path = b2Settings.h; sourceTree = "<group>"; };
		A9B59BDF1716794200EA471D /* b2StackAllocator.cpp */ = {isa = PBXFileReference; fileEncoding = 4; lastKnownFileType = sourcecode.cpp.cpp; path = b2StackAllocator.cpp; sourceTree = "<group>"; };
		A9B59BE01716794200EA471D /* b2StackAllocator.h */ = {isa = PBXFileReference; fileEncoding = 4; lastKnownFileType = sourcecode.c.h; path = b2StackAllocator.h; sourceTree = "<group>"; };
		A9B59BE11716794200EA471D /* b2Timer.cpp */ = {isa = PBXFileReference; fileEncoding = 4; lastKnownFileType = sourcecode.cpp.cpp; path = b2Timer.cpp; sourceTree = "<group>"; };
		A9B59BE21716794200EA471D /* b2Timer.h */ = {isa = PBXFileReference; fileEncoding = 4; lastKnownFileType = sourcecode.c.h; path = b2Timer.h; sourceTree = "<group>"; };
		A9B59BE41716794200EA471D /* b2Body.cpp */ = {isa = PBXFileReference; fileEncoding = 4; lastKnownFileType = sourcecode.cpp.cpp; path = b2Body.cpp; sourceTree = "<group>"; };
		A9B59BE51716794200EA471D /* b2Body.h */ = {isa = PBXFileReference; fileEncoding = 4; lastKnownFileType = sourcecode.c.h; path = b2Body.h; sourceTree = "<group>"; };
		A9B59BE61716794200EA471D /* b2ContactManager.cpp */ = {isa = PBXFileReference; fileEncoding = 4; lastKnownFileType = sourcecode.cpp.cpp; path = b2ContactManager.cpp; sourceTree = "<group>"; };
		A9B59BE71716794200EA471D /* b2ContactManager.h */ = {isa = PBXFileReference; fileEncoding = 4; lastKnownFileType = sourcecode.c.h; path = b2ContactManager.h; sourceTree = "<group>"; };
		A9B59BE81716794200EA471D /* b2Fixture.cpp */ = {isa = PBXFileReference; fileEncoding = 4; lastKnownFileType = sourcecode.cpp.cpp; path = b2Fixture.cpp; sourceTree = "<group>"; };
		A9B59BE91716794200EA471D /* b2Fixture.h */ = {isa = PBXFileReference; fileEncoding = 4; lastKnownFileType = sourcecode.c.h; path = b2Fixture.h; sourceTree = "<group>"; };
		A9B59BEA1716794200EA471D /* b2Island.cpp */ = {isa = PBXFileReference; fileEncoding = 4; lastKnownFileType = sourcecode.cpp.cpp; path = b2Island.cpp; sourceTree = "<group>"; };
		A9B59BEB1716794200EA471D /* b2Island.h */ = {isa = PBXFileReference; fileEncoding = 4; lastKnownFileType = sourcecode.c.h; path = b2Island.h; sourceTree = "<group>"; };
		A9B59BEC1716794200EA471D /* b2TimeStep.h */ = {isa = PBXFileReference; fileEncoding = 4; lastKnownFileType = sourcecode.c.h; path = b2TimeStep.h; sourceTree = "<group>"; };
		A9B59BED1716794200EA471D /* b2World.cpp */ = {isa = PBXFileReference; fileEncoding = 4; lastKnownFileType = sourcecode.cpp.cpp; path = b2World.cpp; sourceTree = "<group>"; };
		A9B59BEE1716794200EA471D /* b2World.h */ = {isa = PBXFileReference; fileEncoding = 4; lastKnownFileType = sourcecode.c.h; path = b2World.h; sourceTree = "<group>"; };
		A9B59BEF1716794200EA471D /* b2WorldCallbacks.cpp */ = {isa = PBXFileReference; fileEncoding = 4; lastKnownFileType = sourcecode.cpp.cpp; path = b2WorldCallbacks.cpp; sourceTree = "<group>"; };
		A9B59BF01716794200EA471D /* b2WorldCallbacks.h */ = {isa = PBXFileReference; fileEncoding = 4; lastKnownFileType = sourcecode.c.h; path = b2WorldCallbacks.h; sourceTree = "<group>"; };
		A9B59BF21716794200EA471D /* b2ChainAndCircleContact.cpp */ = {isa = PBXFileReference; fileEncoding = 4; lastKnownFileType = sourcecode.cpp.cpp; path = b2ChainAndCircleContact.cpp; sourceTree = "<group>"; };
		A9B59BF31716794200EA471D /* b2ChainAndCircleContact.h */ = {isa = PBXFileReference; fileEncoding = 4; lastKnownFileType = sourcecode.c.h; path = b2ChainAndCircleContact.h; sourceTree = "<group>"; };
		A9B59BF41716794200EA471D /* b2ChainAndPolygonContact.cpp */ = {isa = PBXFileReference; fileEncoding = 4; lastKnownFileType = sourcecode.cpp.cpp; path = b2ChainAndPolygonContact.cpp; sourceTree = "<group>"; };
		A9B59BF51716794200EA471D /* b2ChainAndPolygonContact.h */ = {isa = PBXFileReference; fileEncoding = 4; lastKnownFileType = sourcecode.c.h; path = b2ChainAndPolygonContact.h; sourceTree = "<group>"; };
		A9B59BF61716794200EA471D /* b2CircleContact.cpp */ = {isa = PBXFileReference; fileEncoding = 4; lastKnownFileType = sourcecode.cpp.cpp; path = b2CircleContact.cpp; sourceTree = "<group>"; };
		A9B59BF71716794200EA471D /* b2CircleContact.h */ = {isa = PBXFileReference; fileEncoding = 4; lastKnownFileType = sourcecode.c.h; path = b2CircleContact.h; sourceTree = "<group>"; };
		A9B59BF81716794200EA471D /* b2Contact.cpp */ = {isa = PBXFileReference; fileEncoding = 4; lastKnownFileType = sourcecode.cpp.cpp; path = b2Contact.cpp; sourceTree = "<group>"; };
		A9B59BF91716794200EA471D /* b2Contact.h */ = {isa = PBXFileReference; fileEncoding = 4; lastKnownFileType = sourcecode.c.h; path = b2Contact.h; sourceTree = "<group>"; };
		A9B59BFA1716794200EA471D /* b2ContactSolver.cpp */ = {isa = PBXFileReference; fileEncoding = 4; lastKnownFileType = sourcecode.cpp.cpp; path = b2ContactSolver.cpp; sourceTree = "<group>"; };
		A9B59BFB1716794200EA471D /* b2ContactSolver.h */ = {isa = PBXFileReference; fileEncoding = 4; lastKnownFileType = sourcecode.c.h; path = b2ContactSolver.h; sourceTree = "<group>"; };
		A9B59BFC1716794200EA471D /* b2EdgeAndCircleContact.cpp */ = {isa = PBXFileReference; fileEncoding = 4; lastKnownFileType = sourcecode.cpp.cpp; path = b2EdgeAndCircleContact.cpp; sourceTree = "<group>"; };
		A9B59BFD1716794200EA471D /* b2EdgeAndCircleContact.h */ = {isa = PBXFileReference; fileEncoding = 4; lastKnownFileType = sourcecode.c.h; path = b2EdgeAndCircleContact.h; sourceTree = "<group>"; };
		A9B59BFE1716794200EA471D /* b2EdgeAndPolygonContact.cpp */ = {isa = PBXFileReference; fileEncoding = 4; lastKnownFileType = sourcecode.cpp.cpp; path = b2EdgeAndPolygonContact.cpp; sourceTree = "<group>"; };
		A9B59BFF1716794200EA471D /* b2EdgeAndPolygonContact.h */ = {isa = PBXFileReference; fileEncoding = 4; lastKnownFileType = sourcecode.c.h; path = b2EdgeAndPolygonContact.h; sourceTree = "<group>"; };
		A9B59C001716794200EA471D /* b2PolygonAndCircleContact.cpp */ = {isa = PBXFileReference; fileEncoding = 4; lastKnownFileType = sourcecode.cpp.cpp; path = b2PolygonAndCircleContact.cpp; sourceTree = "<group>"; };
		A9B59C011716794200EA471D /* b2PolygonAndCircleContact.h */ = {isa = PBXFileReference; fileEncoding = 4; lastKnownFileType = sourcecode.c.h; path = b2PolygonAndCircleContact.h; sourceTree = "<group>"; };
		A9B59C021716794200EA471D /* b2PolygonContact.cpp */ = {isa = PBXFileReference; fileEncoding = 4; lastKnownFileType = sourcecode.cpp.cpp; path = b2PolygonContact.cpp; sourceTree = "<group>"; };
		A9B59C031716794200EA471D /* b2PolygonContact.h */ = {isa = PBXFileReference; fileEncoding = 4; lastKnownFileType = sourcecode.c.h; path = b2PolygonContact.h; sourceTree = "<group>"; };
		A9B59C051716794200EA471D /* b2DistanceJoint.cpp */ = {isa = PBXFileReference; fileEncoding = 4; lastKnownFileType = sourcecode.cpp.cpp; path = b2DistanceJoint.cpp; sourceTree = "<group>"; };
		A9B59C061716794200EA471D /* b2DistanceJoint.h */ = {isa = PBXFileReference; fileEncoding = 4; lastKnownFileType = sourcecode.c.h; path = b2DistanceJoint.h; sourceTree = "<group>"; };
		A9B59C071716794200EA471D /* b2FrictionJoint.cpp */ = {isa = PBXFileReference; fileEncoding = 4; lastKnownFileType = sourcecode.cpp.cpp; path = b2FrictionJoint.cpp; sourceTree = "<group>"; };
		A9B59C081716794200EA471D /* b2FrictionJoint.h */ = {isa = PBXFileReference; fileEncoding = 4; lastKnownFileType = sourcecode.c.h; path = b2FrictionJoint.h; sourceTree = "<group>"; };
		A9B59C091716794200EA471D /* b2GearJoint.cpp */ = {isa = PBXFileReference; fileEncoding = 4; lastKnownFileType = sourcecode.cpp.cpp; path = b2GearJoint.cpp; sourceTree = "<group>"; };
		A9B59C0A1716794200EA471D /* b2GearJoint.h */ = {isa = PBXFileReference; fileEncoding = 4; lastKnownFileType = sourcecode.c.h; path = b2GearJoint.h; sourceTree = "<group>"; };
		A9B59C0B1716794200EA471D /* b2Joint.cpp */ = {isa = PBXFileReference; fileEncoding = 4; lastKnownFileType = sourcecode.cpp.cpp; path = b2Joint.cpp; sourceTree = "<group>"; };
		A9B59C0C1716794200EA471D /* b2Joint.h */ = {isa = PBXFileReference; fileEncoding = 4; lastKnownFileType = sourcecode.c.h; path = b2Joint.h; sourceTree = "<group>"; };
		A9B59C0D1716794200EA471D /* b2MouseJoint.cpp */ = {isa = PBXFileReference; fileEncoding = 4; lastKnownFileType = sourcecode.cpp.cpp; path = b2MouseJoint.cpp; sourceTree = "<group>"; };
		A9B59C0E1716794200EA471D /* b2MouseJoint.h */ = {isa = PBXFileReference; fileEncoding = 4; lastKnownFileType = sourcecode.c.h; path = b2MouseJoint.h; sourceTree = "<group>"; };
		A9B59C0F1716794200EA471D /* b2PrismaticJoint.cpp */ = {isa = PBXFileReference; fileEncoding = 4; lastKnownFileType = sourcecode.cpp.cpp; path = b2PrismaticJoint.cpp; sourceTree = "<group>"; };
		A9B59C101716794200EA471D /* b2PrismaticJoint.h */ = {isa = PBXFileReference; fileEncoding = 4; lastKnownFileType = sourcecode.c.h; path = b2PrismaticJoint.h; sourceTree = "<group>"; };
		A9B59C111716794200EA471D /* b2PulleyJoint.cpp */ = {isa = PBXFileReference; fileEncoding = 4; lastKnownFileType = sourcecode.cpp.cpp; path = b2PulleyJoint.cpp; sourceTree = "<group>"; };
		A9B59C121716794200EA471D /* b2PulleyJoint.h */ = {isa = PBXFileReference; fileEncoding = 4; lastKnownFileType = sourcecode.c.h; path = b2PulleyJoint.h; sourceTree = "<group>"; };
		A9B59C131716794200EA471D /* b2RevoluteJoint.cpp */ = {isa = PBXFileReference; fileEncoding = 4; lastKnownFileType = sourcecode.cpp.cpp; path = b2RevoluteJoint.cpp; sourceTree = "<group>"; };
		A9B59C141716794200EA471D /* b2RevoluteJoint.h */ = {isa = PBXFileReference; fileEncoding = 4; lastKnownFileType = sourcecode.c.h; path = b2RevoluteJoint.h; sourceTree = "<group>"; };
		A9B59C151716794200EA471D /* b2RopeJoint.cpp */ = {isa = PBXFileReference; fileEncoding = 4; lastKnownFileType = sourcecode.cpp.cpp; path = b2RopeJoint.cpp; sourceTree = "<group>"; };
		A9B59C161716794200EA471D /* b2RopeJoint.h */ = {isa = PBXFileReference; fileEncoding = 4; lastKnownFileType = sourcecode.c.h; path = b2RopeJoint.h; sourceTree = "<group>"; };
		A9B59C171716794200EA471D /* b2WeldJoint.cpp */ = {isa = PBXFileReference; fileEncoding = 4; lastKnownFileType = sourcecode.cpp.cpp; path = b2WeldJoint.cpp; sourceTree = "<group>"; };
		A9B59C181716794200EA471D /* b2WeldJoint.h */ = {isa = PBXFileReference; fileEncoding = 4; lastKnownFileType = sourcecode.c.h; path = b2WeldJoint.h; sourceTree = "<group>"; };
		A9B59C191716794200EA471D /* b2WheelJoint.cpp */ = {isa = PBXFileReference; fileEncoding = 4; lastKnownFileType = sourcecode.cpp.cpp; path = b2WheelJoint.cpp; sourceTree = "<group>"; };
		A9B59C1A1716794200EA471D /* b2WheelJoint.h */ = {isa = PBXFileReference; fileEncoding = 4; lastKnownFileType = sourcecode.c.h; path = b2WheelJoint.h; sourceTree = "<group>"; };
		A9B59C1C1716794200EA471D /* b2Rope.cpp */ = {isa = PBXFileReference; fileEncoding = 4; lastKnownFileType = sourcecode.cpp.cpp; path = b2Rope.cpp; sourceTree = "<group>"; };
		A9B59C1D1716794200EA471D /* b2Rope.h */ = {isa = PBXFileReference; fileEncoding = 4; lastKnownFileType = sourcecode.c.h; path = b2Rope.h; sourceTree = "<group>"; };
		A9C43C21170D78DF0003D86F /* collisionscorekeeper.cpp */ = {isa = PBXFileReference; fileEncoding = 4; lastKnownFileType = sourcecode.cpp.cpp; path = collisionscorekeeper.cpp; sourceTree = "<group>"; };
		A9C43C22170D78DF0003D86F /* collisionscorekeeper.h */ = {isa = PBXFileReference; fileEncoding = 4; lastKnownFileType = sourcecode.c.h; path = collisionscorekeeper.h; sourceTree = "<group>"; };
		A9C43C23170D78DF0003D86F /* collisionsoundplayer.cpp */ = {isa = PBXFileReference; fileEncoding = 4; lastKnownFileType = sourcecode.cpp.cpp; path = collisionsoundplayer.cpp; sourceTree = "<group>"; };
		A9C43C24170D78DF0003D86F /* collisionsoundplayer.h */ = {isa = PBXFileReference; fileEncoding = 4; lastKnownFileType = sourcecode.c.h; path = collisionsoundplayer.h; sourceTree = "<group>"; };
		A9C43C25170D78DF0003D86F /* compositecontactlistener.cpp */ = {isa = PBXFileReference; fileEncoding = 4; lastKnownFileType = sourcecode.cpp.cpp; path = compositecontactlistener.cpp; sourceTree = "<group>"; };
		A9C43C26170D78DF0003D86F /* compositecontactlistener.h */ = {isa = PBXFileReference; fileEncoding = 4; lastKnownFileType = sourcecode.c.h; path = compositecontactlistener.h; sourceTree = "<group>"; };
		A9C43C27170D78DF0003D86F /* constants.h */ = {isa = PBXFileReference; fileEncoding = 4; lastKnownFileType = sourcecode.c.h; path = constants.h; sourceTree = "<group>"; };
		A9C43C28170D78DF0003D86F /* controller.cpp */ = {isa = PBXFileReference; fileEncoding = 4; lastKnownFileType = sourcecode.cpp.cpp; path = controller.cpp; sourceTree = "<group>"; };
		A9C43C29170D78DF0003D86F /* controller.h */ = {isa = PBXFileReference; fileEncoding = 4; lastKnownFileType = sourcecode.c.h; path = controller.h; sourceTree = "<group>"; };
		A9C43C2A170D78DF0003D86F /* model.cpp */ = {isa = PBXFileReference; fileEncoding = 4; lastKnownFileType = sourcecode.cpp.cpp; path = model.cpp; sourceTree = "<group>"; };
		A9C43C2B170D78DF0003D86F /* model.h */ = {isa = PBXFileReference; fileEncoding = 4; lastKnownFileType = sourcecode.c.h; path = model.h; sourceTree = "<group>"; };
		A9C43C2C170D78DF0003D86F /* testApp.h */ = {isa = PBXFileReference; fileEncoding = 4; lastKnownFileType = sourcecode.c.h; path = testApp.h; sourceTree = "<group>"; };
		A9C43C2D170D78DF0003D86F /* testApp.mm */ = {isa = PBXFileReference; fileEncoding = 4; lastKnownFileType = sourcecode.cpp.objcpp; path = testApp.mm; sourceTree = "<group>"; };
		A9C43C2E170D78DF0003D86F /* utilities.cpp */ = {isa = PBXFileReference; fileEncoding = 4; lastKnownFileType = sourcecode.cpp.cpp; path = utilities.cpp; sourceTree = "<group>"; };
		A9C43C2F170D78DF0003D86F /* utilities.h */ = {isa = PBXFileReference; fileEncoding = 4; lastKnownFileType = sourcecode.c.h; path = utilities.h; sourceTree = "<group>"; };
		A9C43C30170D78DF0003D86F /* view.cpp */ = {isa = PBXFileReference; fileEncoding = 4; lastKnownFileType = sourcecode.cpp.cpp; path = view.cpp; sourceTree = "<group>"; };
		A9C43C31170D78DF0003D86F /* view.h */ = {isa = PBXFileReference; fileEncoding = 4; lastKnownFileType = sourcecode.c.h; path = view.h; sourceTree = "<group>"; };
		A9C43C32170D78DF0003D86F /* witchball.mm */ = {isa = PBXFileReference; fileEncoding = 4; lastKnownFileType = sourcecode.cpp.objcpp; path = witchball.mm; sourceTree = "<group>"; };
		A9C43C33170D78DF0003D86F /* witchball.h */ = {isa = PBXFileReference; fileEncoding = 4; lastKnownFileType = sourcecode.c.h; path = witchball.h; sourceTree = "<group>"; };
		BB16EBD10F2B2A9500518274 /* OpenGLES.framework */ = {isa = PBXFileReference; lastKnownFileType = wrapper.framework; name = OpenGLES.framework; path = System/Library/Frameworks/OpenGLES.framework; sourceTree = SDKROOT; };
		BB16EBD80F2B2AB500518274 /* QuartzCore.framework */ = {isa = PBXFileReference; lastKnownFileType = wrapper.framework; name = QuartzCore.framework; path = System/Library/Frameworks/QuartzCore.framework; sourceTree = SDKROOT; };
		BB24DDC910DA781C00E9C588 /* ofxiphone-Info.plist */ = {isa = PBXFileReference; fileEncoding = 4; lastKnownFileType = text.plist.xml; path = "ofxiphone-Info.plist"; sourceTree = "<group>"; };
		BBE5EAB70F49AD8400F28951 /* AudioToolbox.framework */ = {isa = PBXFileReference; lastKnownFileType = wrapper.framework; name = AudioToolbox.framework; path = System/Library/Frameworks/AudioToolbox.framework; sourceTree = SDKROOT; };
		E41D3ED613B38FB500A75A5D /* Project.xcconfig */ = {isa = PBXFileReference; fileEncoding = 4; lastKnownFileType = text.xcconfig; path = Project.xcconfig; sourceTree = "<group>"; };
		E41D3EE513B3906D00A75A5D /* CoreOF.xcconfig */ = {isa = PBXFileReference; fileEncoding = 4; lastKnownFileType = text.xcconfig; name = CoreOF.xcconfig; path = libraries/of_v0.7.4_ios_release/libs/openFrameworksCompiled/project/ios/CoreOF.xcconfig; sourceTree = SOURCE_ROOT; };
		E41D400613B39D2100A75A5D /* AVFoundation.framework */ = {isa = PBXFileReference; lastKnownFileType = wrapper.framework; name = AVFoundation.framework; path = System/Library/Frameworks/AVFoundation.framework; sourceTree = SDKROOT; };
		E41D400713B39D2100A75A5D /* CoreMedia.framework */ = {isa = PBXFileReference; lastKnownFileType = wrapper.framework; name = CoreMedia.framework; path = System/Library/Frameworks/CoreMedia.framework; sourceTree = SDKROOT; };
		E41D400813B39D2100A75A5D /* CoreVideo.framework */ = {isa = PBXFileReference; lastKnownFileType = wrapper.framework; name = CoreVideo.framework; path = System/Library/Frameworks/CoreVideo.framework; sourceTree = SDKROOT; };
		E41D400913B39D2100A75A5D /* MapKit.framework */ = {isa = PBXFileReference; lastKnownFileType = wrapper.framework; name = MapKit.framework; path = System/Library/Frameworks/MapKit.framework; sourceTree = SDKROOT; };
		E4A823A312561BE3002F86A2 /* CoreGraphics.framework */ = {isa = PBXFileReference; lastKnownFileType = wrapper.framework; name = CoreGraphics.framework; path = System/Library/Frameworks/CoreGraphics.framework; sourceTree = SDKROOT; };
		E4D8936B11527B74007E1F53 /* main.mm */ = {isa = PBXFileReference; fileEncoding = 4; lastKnownFileType = sourcecode.cpp.objcpp; name = main.mm; path = src/main.mm; sourceTree = SOURCE_ROOT; };
/* End PBXFileReference section */

/* Begin PBXFrameworksBuildPhase section */
		1D60588F0D05DD3D006BFB54 /* Frameworks */ = {
			isa = PBXFrameworksBuildPhase;
			buildActionMask = 2147483647;
			files = (
				46C18DE7171F871A00590073 /* libofxiPhone_iphoneos_Debug.a in Frameworks */,
				1D60589F0D05DD5A006BFB54 /* Foundation.framework in Frameworks */,
				1DF5F4E00D08C38300B7A737 /* UIKit.framework in Frameworks */,
				288765FD0DF74451002DB57D /* CoreGraphics.framework in Frameworks */,
				BB16EBD20F2B2A9500518274 /* OpenGLES.framework in Frameworks */,
				BB16EBD90F2B2AB500518274 /* QuartzCore.framework in Frameworks */,
				BBE5EAB80F49AD8400F28951 /* AudioToolbox.framework in Frameworks */,
				53F323EB10A20EDB00E0DAE4 /* OpenAL.framework in Frameworks */,
				5326AEA810A23A0500278DE6 /* CoreLocation.framework in Frameworks */,
				E41D400B13B39D2100A75A5D /* AVFoundation.framework in Frameworks */,
				E41D400C13B39D2100A75A5D /* CoreMedia.framework in Frameworks */,
				E41D400D13B39D2100A75A5D /* CoreVideo.framework in Frameworks */,
				E41D400E13B39D2100A75A5D /* MapKit.framework in Frameworks */,
			);
			runOnlyForDeploymentPostprocessing = 0;
		};
/* End PBXFrameworksBuildPhase section */

/* Begin PBXGroup section */
		19C28FACFE9D520D11CA2CBB /* Products */ = {
			isa = PBXGroup;
			children = (
				1D6058910D05DD3D006BFB54 /* emptyExample.app */,
			);
			name = Products;
			sourceTree = "<group>";
		};
		29B97314FDCFA39411CA2CEA /* CustomTemplate */ = {
			isa = PBXGroup;
			children = (
				E4D8936A11527B74007E1F53 /* src */,
				BB24E1F710DAA51900E9C588 /* openFrameworks */,
				A9B59BB81716794200EA471D /* libraries */,
				BB16F26B0F2B646B00518274 /* addons */,
				BB16E9930F2B1E5900518274 /* libs */,
				19C28FACFE9D520D11CA2CBB /* Products */,
			);
			name = CustomTemplate;
			sourceTree = "<group>";
		};
		29B97323FDCFA39411CA2CEA /* core frameworks */ = {
			isa = PBXGroup;
			children = (
				E41D400613B39D2100A75A5D /* AVFoundation.framework */,
				E41D400713B39D2100A75A5D /* CoreMedia.framework */,
				E41D400813B39D2100A75A5D /* CoreVideo.framework */,
				E41D400913B39D2100A75A5D /* MapKit.framework */,
				53F323EA10A20EDB00E0DAE4 /* OpenAL.framework */,
				E4A823A312561BE3002F86A2 /* CoreGraphics.framework */,
				BBE5EAB70F49AD8400F28951 /* AudioToolbox.framework */,
				BB16EBD80F2B2AB500518274 /* QuartzCore.framework */,
				BB16EBD10F2B2A9500518274 /* OpenGLES.framework */,
				1DF5F4DF0D08C38300B7A737 /* UIKit.framework */,
				1D30AB110D05D00D00671497 /* Foundation.framework */,
				288765FC0DF74451002DB57D /* CoreGraphics.framework */,
				5326AEA710A23A0500278DE6 /* CoreLocation.framework */,
			);
			name = "core frameworks";
			sourceTree = "<group>";
		};
		46C18DDD171F85D400590073 /* Products */ = {
			isa = PBXGroup;
			children = (
				46C18DE1171F85D400590073 /* libofxiPhone_iphoneos_Debug.a */,
			);
			name = Products;
			sourceTree = "<group>";
		};
		A9B59BB81716794200EA471D /* libraries */ = {
			isa = PBXGroup;
			children = (
				A9B59BB91716794200EA471D /* Box2D */,
			);
			path = libraries;
			sourceTree = "<group>";
		};
		A9B59BB91716794200EA471D /* Box2D */ = {
			isa = PBXGroup;
			children = (
				A9B59BBA1716794200EA471D /* Box2D.h */,
				A9B59BBB1716794200EA471D /* Box2DConfig.cmake */,
				A9B59BBC1716794200EA471D /* CMakeLists.txt */,
				A9B59BBD1716794200EA471D /* Collision */,
				A9B59BD51716794200EA471D /* Common */,
				A9B59BE31716794200EA471D /* Dynamics */,
				A9B59C1B1716794200EA471D /* Rope */,
			);
			path = Box2D;
			sourceTree = "<group>";
		};
		A9B59BBD1716794200EA471D /* Collision */ = {
			isa = PBXGroup;
			children = (
				A9B59BBE1716794200EA471D /* b2BroadPhase.cpp */,
				A9B59BBF1716794200EA471D /* b2BroadPhase.h */,
				A9B59BC01716794200EA471D /* b2CollideCircle.cpp */,
				A9B59BC11716794200EA471D /* b2CollideEdge.cpp */,
				A9B59BC21716794200EA471D /* b2CollidePolygon.cpp */,
				A9B59BC31716794200EA471D /* b2Collision.cpp */,
				A9B59BC41716794200EA471D /* b2Collision.h */,
				A9B59BC51716794200EA471D /* b2Distance.cpp */,
				A9B59BC61716794200EA471D /* b2Distance.h */,
				A9B59BC71716794200EA471D /* b2DynamicTree.cpp */,
				A9B59BC81716794200EA471D /* b2DynamicTree.h */,
				A9B59BC91716794200EA471D /* b2TimeOfImpact.cpp */,
				A9B59BCA1716794200EA471D /* b2TimeOfImpact.h */,
				A9B59BCB1716794200EA471D /* Shapes */,
			);
			path = Collision;
			sourceTree = "<group>";
		};
		A9B59BCB1716794200EA471D /* Shapes */ = {
			isa = PBXGroup;
			children = (
				A9B59BCC1716794200EA471D /* b2ChainShape.cpp */,
				A9B59BCD1716794200EA471D /* b2ChainShape.h */,
				A9B59BCE1716794200EA471D /* b2CircleShape.cpp */,
				A9B59BCF1716794200EA471D /* b2CircleShape.h */,
				A9B59BD01716794200EA471D /* b2EdgeShape.cpp */,
				A9B59BD11716794200EA471D /* b2EdgeShape.h */,
				A9B59BD21716794200EA471D /* b2PolygonShape.cpp */,
				A9B59BD31716794200EA471D /* b2PolygonShape.h */,
				A9B59BD41716794200EA471D /* b2Shape.h */,
			);
			path = Shapes;
			sourceTree = "<group>";
		};
		A9B59BD51716794200EA471D /* Common */ = {
			isa = PBXGroup;
			children = (
				A9B59BD61716794200EA471D /* b2BlockAllocator.cpp */,
				A9B59BD71716794200EA471D /* b2BlockAllocator.h */,
				A9B59BD81716794200EA471D /* b2Draw.cpp */,
				A9B59BD91716794200EA471D /* b2Draw.h */,
				A9B59BDA1716794200EA471D /* b2GrowableStack.h */,
				A9B59BDB1716794200EA471D /* b2Math.cpp */,
				A9B59BDC1716794200EA471D /* b2Math.h */,
				A9B59BDD1716794200EA471D /* b2Settings.cpp */,
				A9B59BDE1716794200EA471D /* b2Settings.h */,
				A9B59BDF1716794200EA471D /* b2StackAllocator.cpp */,
				A9B59BE01716794200EA471D /* b2StackAllocator.h */,
				A9B59BE11716794200EA471D /* b2Timer.cpp */,
				A9B59BE21716794200EA471D /* b2Timer.h */,
			);
			path = Common;
			sourceTree = "<group>";
		};
		A9B59BE31716794200EA471D /* Dynamics */ = {
			isa = PBXGroup;
			children = (
				A9B59BE41716794200EA471D /* b2Body.cpp */,
				A9B59BE51716794200EA471D /* b2Body.h */,
				A9B59BE61716794200EA471D /* b2ContactManager.cpp */,
				A9B59BE71716794200EA471D /* b2ContactManager.h */,
				A9B59BE81716794200EA471D /* b2Fixture.cpp */,
				A9B59BE91716794200EA471D /* b2Fixture.h */,
				A9B59BEA1716794200EA471D /* b2Island.cpp */,
				A9B59BEB1716794200EA471D /* b2Island.h */,
				A9B59BEC1716794200EA471D /* b2TimeStep.h */,
				A9B59BED1716794200EA471D /* b2World.cpp */,
				A9B59BEE1716794200EA471D /* b2World.h */,
				A9B59BEF1716794200EA471D /* b2WorldCallbacks.cpp */,
				A9B59BF01716794200EA471D /* b2WorldCallbacks.h */,
				A9B59BF11716794200EA471D /* Contacts */,
				A9B59C041716794200EA471D /* Joints */,
			);
			path = Dynamics;
			sourceTree = "<group>";
		};
		A9B59BF11716794200EA471D /* Contacts */ = {
			isa = PBXGroup;
			children = (
				A9B59BF21716794200EA471D /* b2ChainAndCircleContact.cpp */,
				A9B59BF31716794200EA471D /* b2ChainAndCircleContact.h */,
				A9B59BF41716794200EA471D /* b2ChainAndPolygonContact.cpp */,
				A9B59BF51716794200EA471D /* b2ChainAndPolygonContact.h */,
				A9B59BF61716794200EA471D /* b2CircleContact.cpp */,
				A9B59BF71716794200EA471D /* b2CircleContact.h */,
				A9B59BF81716794200EA471D /* b2Contact.cpp */,
				A9B59BF91716794200EA471D /* b2Contact.h */,
				A9B59BFA1716794200EA471D /* b2ContactSolver.cpp */,
				A9B59BFB1716794200EA471D /* b2ContactSolver.h */,
				A9B59BFC1716794200EA471D /* b2EdgeAndCircleContact.cpp */,
				A9B59BFD1716794200EA471D /* b2EdgeAndCircleContact.h */,
				A9B59BFE1716794200EA471D /* b2EdgeAndPolygonContact.cpp */,
				A9B59BFF1716794200EA471D /* b2EdgeAndPolygonContact.h */,
				A9B59C001716794200EA471D /* b2PolygonAndCircleContact.cpp */,
				A9B59C011716794200EA471D /* b2PolygonAndCircleContact.h */,
				A9B59C021716794200EA471D /* b2PolygonContact.cpp */,
				A9B59C031716794200EA471D /* b2PolygonContact.h */,
			);
			path = Contacts;
			sourceTree = "<group>";
		};
		A9B59C041716794200EA471D /* Joints */ = {
			isa = PBXGroup;
			children = (
				A9B59C051716794200EA471D /* b2DistanceJoint.cpp */,
				A9B59C061716794200EA471D /* b2DistanceJoint.h */,
				A9B59C071716794200EA471D /* b2FrictionJoint.cpp */,
				A9B59C081716794200EA471D /* b2FrictionJoint.h */,
				A9B59C091716794200EA471D /* b2GearJoint.cpp */,
				A9B59C0A1716794200EA471D /* b2GearJoint.h */,
				A9B59C0B1716794200EA471D /* b2Joint.cpp */,
				A9B59C0C1716794200EA471D /* b2Joint.h */,
				A9B59C0D1716794200EA471D /* b2MouseJoint.cpp */,
				A9B59C0E1716794200EA471D /* b2MouseJoint.h */,
				A9B59C0F1716794200EA471D /* b2PrismaticJoint.cpp */,
				A9B59C101716794200EA471D /* b2PrismaticJoint.h */,
				A9B59C111716794200EA471D /* b2PulleyJoint.cpp */,
				A9B59C121716794200EA471D /* b2PulleyJoint.h */,
				A9B59C131716794200EA471D /* b2RevoluteJoint.cpp */,
				A9B59C141716794200EA471D /* b2RevoluteJoint.h */,
				A9B59C151716794200EA471D /* b2RopeJoint.cpp */,
				A9B59C161716794200EA471D /* b2RopeJoint.h */,
				A9B59C171716794200EA471D /* b2WeldJoint.cpp */,
				A9B59C181716794200EA471D /* b2WeldJoint.h */,
				A9B59C191716794200EA471D /* b2WheelJoint.cpp */,
				A9B59C1A1716794200EA471D /* b2WheelJoint.h */,
			);
			path = Joints;
			sourceTree = "<group>";
		};
		A9B59C1B1716794200EA471D /* Rope */ = {
			isa = PBXGroup;
			children = (
				A9B59C1C1716794200EA471D /* b2Rope.cpp */,
				A9B59C1D1716794200EA471D /* b2Rope.h */,
			);
			path = Rope;
			sourceTree = "<group>";
		};
		BB16E9930F2B1E5900518274 /* libs */ = {
			isa = PBXGroup;
			children = (
				BBE5E94E0F497BD800F28951 /* core */,
			);
			name = libs;
			sourceTree = "<group>";
		};
		BB16F26B0F2B646B00518274 /* addons */ = {
			isa = PBXGroup;
			children = (
			);
			name = addons;
			sourceTree = "<group>";
		};
		BB24E1F710DAA51900E9C588 /* openFrameworks */ = {
			isa = PBXGroup;
			children = (
				A9B59BB11716675300EA471D /* iOS+OFLib.xcodeproj */,
				32CA4F630368D1EE00C91783 /* iPhone_Prefix.pch */,
				BB24DDC910DA781C00E9C588 /* ofxiphone-Info.plist */,
				E41D3EE513B3906D00A75A5D /* CoreOF.xcconfig */,
				E41D3ED613B38FB500A75A5D /* Project.xcconfig */,
			);
			name = openFrameworks;
			sourceTree = "<group>";
		};
		BBE5E94E0F497BD800F28951 /* core */ = {
			isa = PBXGroup;
			children = (
				29B97323FDCFA39411CA2CEA /* core frameworks */,
			);
			name = core;
			sourceTree = "<group>";
		};
		E4D8936A11527B74007E1F53 /* src */ = {
			isa = PBXGroup;
			children = (
				A9C43C21170D78DF0003D86F /* collisionscorekeeper.cpp */,
				A9C43C22170D78DF0003D86F /* collisionscorekeeper.h */,
				A9C43C23170D78DF0003D86F /* collisionsoundplayer.cpp */,
				A9C43C24170D78DF0003D86F /* collisionsoundplayer.h */,
				A9C43C25170D78DF0003D86F /* compositecontactlistener.cpp */,
				A9C43C26170D78DF0003D86F /* compositecontactlistener.h */,
				A9C43C27170D78DF0003D86F /* constants.h */,
				A9C43C28170D78DF0003D86F /* controller.cpp */,
				A9C43C29170D78DF0003D86F /* controller.h */,
				A9C43C2A170D78DF0003D86F /* model.cpp */,
				A9C43C2B170D78DF0003D86F /* model.h */,
				A9C43C2C170D78DF0003D86F /* testApp.h */,
				A9C43C2D170D78DF0003D86F /* testApp.mm */,
				A9C43C2E170D78DF0003D86F /* utilities.cpp */,
				A9C43C2F170D78DF0003D86F /* utilities.h */,
				A9C43C30170D78DF0003D86F /* view.cpp */,
				A9C43C31170D78DF0003D86F /* view.h */,
				A9C43C32170D78DF0003D86F /* witchball.mm */,
				A9C43C33170D78DF0003D86F /* witchball.h */,
				E4D8936B11527B74007E1F53 /* main.mm */,
				A9A2E7AB171E17260013CF4E /* constants.cpp */,
			);
			path = src;
			sourceTree = SOURCE_ROOT;
		};
/* End PBXGroup section */

/* Begin PBXNativeTarget section */
		1D6058900D05DD3D006BFB54 /* emptyExample */ = {
			isa = PBXNativeTarget;
			buildConfigurationList = 1D6058960D05DD3E006BFB54 /* Build configuration list for PBXNativeTarget "emptyExample" */;
			buildPhases = (
				1D60588D0D05DD3D006BFB54 /* Resources */,
				1D60588E0D05DD3D006BFB54 /* Sources */,
				1D60588F0D05DD3D006BFB54 /* Frameworks */,
				9255DD331112741900D6945E /* ShellScript */,
			);
			buildRules = (
			);
			dependencies = (
				46C18DE4171F86D000590073 /* PBXTargetDependency */,
			);
			name = emptyExample;
			productName = iPhone;
			productReference = 1D6058910D05DD3D006BFB54 /* emptyExample.app */;
			productType = "com.apple.product-type.application";
		};
/* End PBXNativeTarget section */

/* Begin PBXProject section */
		29B97313FDCFA39411CA2CEA /* Project object */ = {
			isa = PBXProject;
			attributes = {
				LastUpgradeCheck = 0460;
			};
			buildConfigurationList = C01FCF4E08A954540054247B /* Build configuration list for PBXProject "emptyExample" */;
			compatibilityVersion = "Xcode 3.2";
			developmentRegion = English;
			hasScannedForEncodings = 1;
			knownRegions = (
				English,
				Japanese,
				French,
				German,
			);
			mainGroup = 29B97314FDCFA39411CA2CEA /* CustomTemplate */;
			projectDirPath = "";
			projectReferences = (
				{
					ProductGroup = 46C18DDD171F85D400590073 /* Products */;
					ProjectRef = A9B59BB11716675300EA471D /* iOS+OFLib.xcodeproj */;
				},
			);
			projectRoot = "";
			targets = (
				1D6058900D05DD3D006BFB54 /* emptyExample */,
			);
		};
/* End PBXProject section */

/* Begin PBXReferenceProxy section */
		46C18DE1171F85D400590073 /* libofxiPhone_iphoneos_Debug.a */ = {
			isa = PBXReferenceProxy;
			fileType = archive.ar;
			path = libofxiPhone_iphoneos_Debug.a;
			remoteRef = 46C18DE0171F85D400590073 /* PBXContainerItemProxy */;
			sourceTree = BUILT_PRODUCTS_DIR;
		};
/* End PBXReferenceProxy section */

/* Begin PBXResourcesBuildPhase section */
		1D60588D0D05DD3D006BFB54 /* Resources */ = {
			isa = PBXResourcesBuildPhase;
			buildActionMask = 2147483647;
			files = (
				A9B59C1E1716794200EA471D /* Box2DConfig.cmake in Resources */,
				A9B59C1F1716794200EA471D /* CMakeLists.txt in Resources */,
			);
			runOnlyForDeploymentPostprocessing = 0;
		};
/* End PBXResourcesBuildPhase section */

/* Begin PBXShellScriptBuildPhase section */
		9255DD331112741900D6945E /* ShellScript */ = {
			isa = PBXShellScriptBuildPhase;
			buildActionMask = 2147483647;
			files = (
			);
			inputPaths = (
			);
			outputPaths = (
			);
			runOnlyForDeploymentPostprocessing = 0;
			shellPath = /bin/sh;
			shellScript = "cp -rf bin/data/ \"$TARGET_BUILD_DIR/$PRODUCT_NAME.app\"\n";
		};
/* End PBXShellScriptBuildPhase section */

/* Begin PBXSourcesBuildPhase section */
		1D60588E0D05DD3D006BFB54 /* Sources */ = {
			isa = PBXSourcesBuildPhase;
			buildActionMask = 2147483647;
			files = (
				E4D8936E11527B74007E1F53 /* main.mm in Sources */,
				A9C43C34170D78DF0003D86F /* collisionscorekeeper.cpp in Sources */,
				A9C43C35170D78DF0003D86F /* collisionsoundplayer.cpp in Sources */,
				A9C43C36170D78DF0003D86F /* compositecontactlistener.cpp in Sources */,
				A9C43C37170D78DF0003D86F /* controller.cpp in Sources */,
				A9C43C38170D78DF0003D86F /* model.cpp in Sources */,
				A9C43C39170D78DF0003D86F /* testApp.mm in Sources */,
				A9C43C3A170D78DF0003D86F /* utilities.cpp in Sources */,
				A9C43C3B170D78DF0003D86F /* view.cpp in Sources */,
				A9C43C3C170D78DF0003D86F /* witchball.mm in Sources */,
				A9B59C201716794200EA471D /* b2BroadPhase.cpp in Sources */,
				A9B59C211716794200EA471D /* b2CollideCircle.cpp in Sources */,
				A9B59C221716794200EA471D /* b2CollideEdge.cpp in Sources */,
				A9B59C231716794200EA471D /* b2CollidePolygon.cpp in Sources */,
				A9B59C241716794200EA471D /* b2Collision.cpp in Sources */,
				A9B59C251716794200EA471D /* b2Distance.cpp in Sources */,
				A9B59C261716794200EA471D /* b2DynamicTree.cpp in Sources */,
				A9B59C271716794200EA471D /* b2TimeOfImpact.cpp in Sources */,
				A9B59C281716794200EA471D /* b2ChainShape.cpp in Sources */,
				A9B59C291716794200EA471D /* b2CircleShape.cpp in Sources */,
				A9B59C2A1716794200EA471D /* b2EdgeShape.cpp in Sources */,
				A9B59C2B1716794200EA471D /* b2PolygonShape.cpp in Sources */,
				A9B59C2C1716794200EA471D /* b2BlockAllocator.cpp in Sources */,
				A9B59C2D1716794200EA471D /* b2Draw.cpp in Sources */,
				A9B59C2E1716794200EA471D /* b2Math.cpp in Sources */,
				A9B59C2F1716794200EA471D /* b2Settings.cpp in Sources */,
				A9B59C301716794200EA471D /* b2StackAllocator.cpp in Sources */,
				A9B59C311716794200EA471D /* b2Timer.cpp in Sources */,
				A9B59C321716794200EA471D /* b2Body.cpp in Sources */,
				A9B59C331716794200EA471D /* b2ContactManager.cpp in Sources */,
				A9B59C341716794200EA471D /* b2Fixture.cpp in Sources */,
				A9B59C351716794200EA471D /* b2Island.cpp in Sources */,
				A9B59C361716794200EA471D /* b2World.cpp in Sources */,
				A9B59C371716794200EA471D /* b2WorldCallbacks.cpp in Sources */,
				A9B59C381716794200EA471D /* b2ChainAndCircleContact.cpp in Sources */,
				A9B59C391716794200EA471D /* b2ChainAndPolygonContact.cpp in Sources */,
				A9B59C3A1716794200EA471D /* b2CircleContact.cpp in Sources */,
				A9B59C3B1716794200EA471D /* b2Contact.cpp in Sources */,
				A9B59C3C1716794200EA471D /* b2ContactSolver.cpp in Sources */,
				A9B59C3D1716794200EA471D /* b2EdgeAndCircleContact.cpp in Sources */,
				A9B59C3E1716794200EA471D /* b2EdgeAndPolygonContact.cpp in Sources */,
				A9B59C3F1716794200EA471D /* b2PolygonAndCircleContact.cpp in Sources */,
				A9B59C401716794200EA471D /* b2PolygonContact.cpp in Sources */,
				A9B59C411716794200EA471D /* b2DistanceJoint.cpp in Sources */,
				A9B59C421716794200EA471D /* b2FrictionJoint.cpp in Sources */,
				A9B59C431716794200EA471D /* b2GearJoint.cpp in Sources */,
				A9B59C441716794200EA471D /* b2Joint.cpp in Sources */,
				A9B59C451716794200EA471D /* b2MouseJoint.cpp in Sources */,
				A9B59C461716794200EA471D /* b2PrismaticJoint.cpp in Sources */,
				A9B59C471716794200EA471D /* b2PulleyJoint.cpp in Sources */,
				A9B59C481716794200EA471D /* b2RevoluteJoint.cpp in Sources */,
				A9B59C491716794200EA471D /* b2RopeJoint.cpp in Sources */,
				A9B59C4A1716794200EA471D /* b2WeldJoint.cpp in Sources */,
				A9B59C4B1716794200EA471D /* b2WheelJoint.cpp in Sources */,
				A9B59C4C1716794200EA471D /* b2Rope.cpp in Sources */,
				A9A2E7AC171E17260013CF4E /* constants.cpp in Sources */,
			);
			runOnlyForDeploymentPostprocessing = 0;
		};
/* End PBXSourcesBuildPhase section */

/* Begin PBXTargetDependency section */
		46C18DE4171F86D000590073 /* PBXTargetDependency */ = {
			isa = PBXTargetDependency;
			name = "iPhone+OF Static Library";
			targetProxy = 46C18DE3171F86D000590073 /* PBXContainerItemProxy */;
		};
/* End PBXTargetDependency section */

/* Begin XCBuildConfiguration section */
		1D6058940D05DD3E006BFB54 /* Debug */ = {
			isa = XCBuildConfiguration;
			buildSettings = {
				ALWAYS_SEARCH_USER_PATHS = YES;
				CLANG_CXX_LANGUAGE_STANDARD = "c++0x";
				CLANG_CXX_LIBRARY = "compiler-default";
				FRAMEWORK_SEARCH_PATHS = "";
				GCC_PRECOMPILE_PREFIX_HEADER = YES;
				GCC_PREFIX_HEADER = iPhone_Prefix.pch;
				GCC_VERSION = com.apple.compilers.llvm.clang.1_0;
				HEADER_SEARCH_PATHS = (
					"$(OF_CORE_HEADERS)",
					src,
				);
				INFOPLIST_FILE = "ofxiphone-Info.plist";
				IPHONEOS_DEPLOYMENT_TARGET = 5.0;
				LIBRARY_SEARCH_PATHS = "$(SRCROOT)/Libraries/Box2D";
				PRODUCT_NAME = "${TARGET_NAME}";
				TARGETED_DEVICE_FAMILY = 2;
				USER_HEADER_SEARCH_PATHS = "libraries/ src";
				VALID_ARCHS = "armv6 armv7";
			};
			name = Debug;
		};
		1D6058950D05DD3E006BFB54 /* Release */ = {
			isa = XCBuildConfiguration;
			buildSettings = {
				CLANG_CXX_LANGUAGE_STANDARD = "c++0x";
				CLANG_CXX_LIBRARY = "compiler-default";
				FRAMEWORK_SEARCH_PATHS = "";
				GCC_PRECOMPILE_PREFIX_HEADER = YES;
				GCC_PREFIX_HEADER = iPhone_Prefix.pch;
				GCC_VERSION = com.apple.compilers.llvm.clang.1_0;
				HEADER_SEARCH_PATHS = (
					"$(OF_CORE_HEADERS)",
					src,
				);
				INFOPLIST_FILE = "ofxiphone-Info.plist";
				IPHONEOS_DEPLOYMENT_TARGET = 5.0;
				LIBRARY_SEARCH_PATHS = "$(SRCROOT)/Libraries/Box2D";
				PRODUCT_NAME = "${TARGET_NAME}";
				TARGETED_DEVICE_FAMILY = 2;
				USER_HEADER_SEARCH_PATHS = "libraries/ src";
				VALID_ARCHS = "armv6 armv7";
			};
			name = Release;
		};
		C01FCF4F08A954540054247B /* Debug */ = {
			isa = XCBuildConfiguration;
			baseConfigurationReference = E41D3ED613B38FB500A75A5D /* Project.xcconfig */;
			buildSettings = {
				ALWAYS_SEARCH_USER_PATHS = YES;
				ARCHS = "$(ARCHS_STANDARD_32_BIT)";
				CLANG_CXX_LANGUAGE_STANDARD = "c++0x";
				CODE_SIGN_IDENTITY = "iPhone Developer: Shervin Ghazazani (Q88W7BFES4)";
				"CODE_SIGN_IDENTITY[sdk=iphoneos*]" = "iPhone Developer";
				COMPRESS_PNG_FILES = NO;
				GCC_C_LANGUAGE_STANDARD = c99;
				GCC_OPTIMIZATION_LEVEL = 0;
				GCC_SYMBOLS_PRIVATE_EXTERN = NO;
				GCC_WARN_ABOUT_DEPRECATED_FUNCTIONS = NO;
				GCC_WARN_ABOUT_INVALID_OFFSETOF_MACRO = NO;
				GCC_WARN_ABOUT_POINTER_SIGNEDNESS = NO;
				GCC_WARN_ABOUT_RETURN_TYPE = YES;
				GCC_WARN_ALLOW_INCOMPLETE_PROTOCOL = NO;
				GCC_WARN_PROTOTYPE_CONVERSION = NO;
				GCC_WARN_UNUSED_VARIABLE = YES;
				HEADER_SEARCH_PATHS = (
					"$(OF_CORE_HEADERS)",
					src,
					"$(SRCROOT)/Libraries/Box2D",
					"$(SRCROOT)/Box2D",
				);
				IPHONEOS_DEPLOYMENT_TARGET = 3.1;
				ONLY_ACTIVE_ARCH = NO;
				PROVISIONING_PROFILE = "04698B6D-5415-4A96-A226-72F04E8ABE01";
				"PROVISIONING_PROFILE[sdk=iphoneos*]" = "";
				SDKROOT = iphoneos;
				TARGETED_DEVICE_FAMILY = 1;
				USER_HEADER_SEARCH_PATHS = libraries/;
				WARNING_LDFLAGS = "-no_arch_warnings";
			};
			name = Debug;
		};
		C01FCF5008A954540054247B /* Release */ = {
			isa = XCBuildConfiguration;
			baseConfigurationReference = E41D3ED613B38FB500A75A5D /* Project.xcconfig */;
			buildSettings = {
				ALWAYS_SEARCH_USER_PATHS = YES;
				ARCHS = "$(ARCHS_STANDARD_32_BIT)";
				CLANG_CXX_LANGUAGE_STANDARD = "c++0x";
				CODE_SIGN_IDENTITY = "";
				"CODE_SIGN_IDENTITY[sdk=iphoneos*]" = "iPhone Developer: Shervin Ghazazani (Q88W7BFES4)";
				COMPRESS_PNG_FILES = NO;
				GCC_C_LANGUAGE_STANDARD = c99;
				GCC_DYNAMIC_NO_PIC = YES;
				GCC_GENERATE_DEBUGGING_SYMBOLS = NO;
				GCC_OPTIMIZATION_LEVEL = 3;
				GCC_SYMBOLS_PRIVATE_EXTERN = NO;
				GCC_THUMB_SUPPORT = NO;
				GCC_WARN_ABOUT_RETURN_TYPE = YES;
				GCC_WARN_UNUSED_VARIABLE = YES;
				HEADER_SEARCH_PATHS = (
					"$(OF_CORE_HEADERS)",
					src,
					"$(SRCROOT)/Libraries/Box2D",
					"$(SRCROOT)/Box2D",
				);
				IPHONEOS_DEPLOYMENT_TARGET = 3.1;
				ONLY_ACTIVE_ARCH = NO;
				"PROVISIONING_PROFILE[sdk=iphoneos*]" = "04698B6D-5415-4A96-A226-72F04E8ABE01";
				SDKROOT = iphoneos;
				TARGETED_DEVICE_FAMILY = 1;
				USER_HEADER_SEARCH_PATHS = libraries/;
				WARNING_LDFLAGS = "-no_arch_warnings";
			};
			name = Release;
		};
/* End XCBuildConfiguration section */

/* Begin XCConfigurationList section */
		1D6058960D05DD3E006BFB54 /* Build configuration list for PBXNativeTarget "emptyExample" */ = {
			isa = XCConfigurationList;
			buildConfigurations = (
				1D6058940D05DD3E006BFB54 /* Debug */,
				1D6058950D05DD3E006BFB54 /* Release */,
			);
			defaultConfigurationIsVisible = 0;
			defaultConfigurationName = Release;
		};
		C01FCF4E08A954540054247B /* Build configuration list for PBXProject "emptyExample" */ = {
			isa = XCConfigurationList;
			buildConfigurations = (
				C01FCF4F08A954540054247B /* Debug */,
				C01FCF5008A954540054247B /* Release */,
			);
			defaultConfigurationIsVisible = 0;
			defaultConfigurationName = Release;
		};
/* End XCConfigurationList section */
	};
	rootObject = 29B97313FDCFA39411CA2CEA /* Project object */;
}
